// !$*UTF8*$!
{
	archiveVersion = 1;
	classes = {
	};
	objectVersion = 46;
	objects = {

/* Begin PBXBuildFile section */
		EA1116771DCA51C800214732 /* AppDelegate.swift in Sources */ = {isa = PBXBuildFile; fileRef = EA1116761DCA51C800214732 /* AppDelegate.swift */; };
		EA1116791DCA51C800214732 /* ViewController.swift in Sources */ = {isa = PBXBuildFile; fileRef = EA1116781DCA51C800214732 /* ViewController.swift */; };
		EA11167C1DCA51C800214732 /* Main.storyboard in Resources */ = {isa = PBXBuildFile; fileRef = EA11167A1DCA51C800214732 /* Main.storyboard */; };
		EA11167E1DCA51C800214732 /* Assets.xcassets in Resources */ = {isa = PBXBuildFile; fileRef = EA11167D1DCA51C800214732 /* Assets.xcassets */; };
		EA1116811DCA51C800214732 /* LaunchScreen.storyboard in Resources */ = {isa = PBXBuildFile; fileRef = EA11167F1DCA51C800214732 /* LaunchScreen.storyboard */; };
		EA9667131DCA8FB50083BBBA /* btn.wav in Resources */ = {isa = PBXBuildFile; fileRef = EA9667121DCA8FB40083BBBA /* btn.wav */; };
/* End PBXBuildFile section */

/* Begin PBXFileReference section */
		EA1116731DCA51C800214732 /* IOSKalkulator.app */ = {isa = PBXFileReference; explicitFileType = wrapper.application; includeInIndex = 0; path = IOSKalkulator.app; sourceTree = BUILT_PRODUCTS_DIR; };
		EA1116761DCA51C800214732 /* AppDelegate.swift */ = {isa = PBXFileReference; lastKnownFileType = sourcecode.swift; path = AppDelegate.swift; sourceTree = "<group>"; };
		EA1116781DCA51C800214732 /* ViewController.swift */ = {isa = PBXFileReference; lastKnownFileType = sourcecode.swift; path = ViewController.swift; sourceTree = "<group>"; };
		EA11167B1DCA51C800214732 /* Base */ = {isa = PBXFileReference; lastKnownFileType = file.storyboard; name = Base; path = Base.lproj/Main.storyboard; sourceTree = "<group>"; };
		EA11167D1DCA51C800214732 /* Assets.xcassets */ = {isa = PBXFileReference; lastKnownFileType = folder.assetcatalog; path = Assets.xcassets; sourceTree = "<group>"; };
		EA1116801DCA51C800214732 /* Base */ = {isa = PBXFileReference; lastKnownFileType = file.storyboard; name = Base; path = Base.lproj/LaunchScreen.storyboard; sourceTree = "<group>"; };
		EA1116821DCA51C800214732 /* Info.plist */ = {isa = PBXFileReference; lastKnownFileType = text.plist.xml; path = Info.plist; sourceTree = "<group>"; };
		EA9667121DCA8FB40083BBBA /* btn.wav */ = {isa = PBXFileReference; lastKnownFileType = audio.wav; path = btn.wav; sourceTree = "<group>"; };
/* End PBXFileReference section */

/* Begin PBXFrameworksBuildPhase section */
		EA1116701DCA51C700214732 /* Frameworks */ = {
			isa = PBXFrameworksBuildPhase;
			buildActionMask = 2147483647;
			files = (
			);
			runOnlyForDeploymentPostprocessing = 0;
		};
/* End PBXFrameworksBuildPhase section */

/* Begin PBXGroup section */
		EA11166A1DCA51C700214732 = {
			isa = PBXGroup;
			children = (
				EA1116751DCA51C800214732 /* IOSKalkulator */,
				EA1116741DCA51C800214732 /* Products */,
			);
			sourceTree = "<group>";
		};
		EA1116741DCA51C800214732 /* Products */ = {
			isa = PBXGroup;
			children = (
				EA1116731DCA51C800214732 /* IOSKalkulator.app */,
			);
			name = Products;
			sourceTree = "<group>";
		};
		EA1116751DCA51C800214732 /* IOSKalkulator */ = {
			isa = PBXGroup;
			children = (
				EA1116761DCA51C800214732 /* AppDelegate.swift */,
				EA9667121DCA8FB40083BBBA /* btn.wav */,
				EA1116781DCA51C800214732 /* ViewController.swift */,
				EA11167A1DCA51C800214732 /* Main.storyboard */,
				EA11167D1DCA51C800214732 /* Assets.xcassets */,
				EA11167F1DCA51C800214732 /* LaunchScreen.storyboard */,
				EA1116821DCA51C800214732 /* Info.plist */,
			);
			path = IOSKalkulator;
			sourceTree = "<group>";
		};
/* End PBXGroup section */

/* Begin PBXNativeTarget section */
		EA1116721DCA51C700214732 /* IOSKalkulator */ = {
			isa = PBXNativeTarget;
			buildConfigurationList = EA1116851DCA51C800214732 /* Build configuration list for PBXNativeTarget "IOSKalkulator" */;
			buildPhases = (
				EA11166F1DCA51C700214732 /* Sources */,
				EA1116701DCA51C700214732 /* Frameworks */,
				EA1116711DCA51C700214732 /* Resources */,
			);
			buildRules = (
			);
			dependencies = (
			);
			name = IOSKalkulator;
			productName = IOSKalkulator;
			productReference = EA1116731DCA51C800214732 /* IOSKalkulator.app */;
			productType = "com.apple.product-type.application";
		};
/* End PBXNativeTarget section */

/* Begin PBXProject section */
		EA11166B1DCA51C700214732 /* Project object */ = {
			isa = PBXProject;
			attributes = {
				LastSwiftUpdateCheck = 0810;
				LastUpgradeCheck = 0810;
				ORGANIZATIONNAME = "Branko Keleuva";
				TargetAttributes = {
					EA1116721DCA51C700214732 = {
						CreatedOnToolsVersion = 8.1;
						ProvisioningStyle = Automatic;
					};
				};
			};
			buildConfigurationList = EA11166E1DCA51C700214732 /* Build configuration list for PBXProject "IOSKalkulator" */;
			compatibilityVersion = "Xcode 3.2";
			developmentRegion = English;
			hasScannedForEncodings = 0;
			knownRegions = (
				en,
				Base,
			);
			mainGroup = EA11166A1DCA51C700214732;
			productRefGroup = EA1116741DCA51C800214732 /* Products */;
			projectDirPath = "";
			projectRoot = "";
			targets = (
				EA1116721DCA51C700214732 /* IOSKalkulator */,
			);
		};
/* End PBXProject section */

/* Begin PBXResourcesBuildPhase section */
		EA1116711DCA51C700214732 /* Resources */ = {
			isa = PBXResourcesBuildPhase;
			buildActionMask = 2147483647;
			files = (
				EA1116811DCA51C800214732 /* LaunchScreen.storyboard in Resources */,
				EA11167E1DCA51C800214732 /* Assets.xcassets in Resources */,
				EA11167C1DCA51C800214732 /* Main.storyboard in Resources */,
				EA9667131DCA8FB50083BBBA /* btn.wav in Resources */,
			);
			runOnlyForDeploymentPostprocessing = 0;
		};
/* End PBXResourcesBuildPhase section */

/* Begin PBXSourcesBuildPhase section */
		EA11166F1DCA51C700214732 /* Sources */ = {
			isa = PBXSourcesBuildPhase;
			buildActionMask = 2147483647;
			files = (
				EA1116791DCA51C800214732 /* ViewController.swift in Sources */,
				EA1116771DCA51C800214732 /* AppDelegate.swift in Sources */,
			);
			runOnlyForDeploymentPostprocessing = 0;
		};
/* End PBXSourcesBuildPhase section */

/* Begin PBXVariantGroup section */
		EA11167A1DCA51C800214732 /* Main.storyboard */ = {
			isa = PBXVariantGroup;
			children = (
				EA11167B1DCA51C800214732 /* Base */,
			);
			name = Main.storyboard;
			sourceTree = "<group>";
		};
		EA11167F1DCA51C800214732 /* LaunchScreen.storyboard */ = {
			isa = PBXVariantGroup;
			children = (
				EA1116801DCA51C800214732 /* Base */,
			);
			name = LaunchScreen.storyboard;
			sourceTree = "<group>";
		};
/* End PBXVariantGroup section */

/* Begin XCBuildConfiguration section */
		EA1116831DCA51C800214732 /* Debug */ = {
			isa = XCBuildConfiguration;
			buildSettings = {
				ALWAYS_SEARCH_USER_PATHS = NO;
				CLANG_ANALYZER_NONNULL = YES;
				CLANG_CXX_LANGUAGE_STANDARD = "gnu++0x";
				CLANG_CXX_LIBRARY = "libc++";
				CLANG_ENABLE_MODULES = YES;
				CLANG_ENABLE_OBJC_ARC = YES;
				CLANG_WARN_BOOL_CONVERSION = YES;
				CLANG_WARN_CONSTANT_CONVERSION = YES;
				CLANG_WARN_DIRECT_OBJC_ISA_USAGE = YES_ERROR;
				CLANG_WARN_DOCUMENTATION_COMMENTS = YES;
				CLANG_WARN_EMPTY_BODY = YES;
				CLANG_WARN_ENUM_CONVERSION = YES;
				CLANG_WARN_INFINITE_RECURSION = YES;
				CLANG_WARN_INT_CONVERSION = YES;
				CLANG_WARN_OBJC_ROOT_CLASS = YES_ERROR;
				CLANG_WARN_SUSPICIOUS_MOVES = YES;
				CLANG_WARN_UNREACHABLE_CODE = YES;
				CLANG_WARN__DUPLICATE_METHOD_MATCH = YES;
				"CODE_SIGN_IDENTITY[sdk=iphoneos*]" = "iPhone Developer";
				COPY_PHASE_STRIP = NO;
				DEBUG_INFORMATION_FORMAT = dwarf;
				ENABLE_STRICT_OBJC_MSGSEND = YES;
				ENABLE_TESTABILITY = YES;
				GCC_C_LANGUAGE_STANDARD = gnu99;
				GCC_DYNAMIC_NO_PIC = NO;
				GCC_NO_COMMON_BLOCKS = YES;
				GCC_OPTIMIZATION_LEVEL = 0;
				GCC_PREPROCESSOR_DEFINITIONS = (
					"DEBUG=1",
					"$(inherited)",
				);
				GCC_WARN_64_TO_32_BIT_CONVERSION = YES;
				GCC_WARN_ABOUT_RETURN_TYPE = YES_ERROR;
				GCC_WARN_UNDECLARED_SELECTOR = YES;
				GCC_WARN_UNINITIALIZED_AUTOS = YES_AGGRESSIVE;
				GCC_WARN_UNUSED_FUNCTION = YES;
				GCC_WARN_UNUSED_VARIABLE = YES;
				IPHONEOS_DEPLOYMENT_TARGET = 10.1;
				MTL_ENABLE_DEBUG_INFO = YES;
				ONLY_ACTIVE_ARCH = YES;
				SDKROOT = iphoneos;
				SWIFT_ACTIVE_COMPILATION_CONDITIONS = DEBUG;
				SWIFT_OPTIMIZATION_LEVEL = "-Onone";
				TARGETED_DEVICE_FAMILY = "1,2";
			};
			name = Debug;
		};
		EA1116841DCA51C800214732 /* Release */ = {
			isa = XCBuildConfiguration;
			buildSettings = {
				ALWAYS_SEARCH_USER_PATHS = NO;
				CLANG_ANALYZER_NONNULL = YES;
				CLANG_CXX_LANGUAGE_STANDARD = "gnu++0x";
				CLANG_CXX_LIBRARY = "libc++";
				CLANG_ENABLE_MODULES = YES;
				CLANG_ENABLE_OBJC_ARC = YES;
				CLANG_WARN_BOOL_CONVERSION = YES;
				CLANG_WARN_CONSTANT_CONVERSION = YES;
				CLANG_WARN_DIRECT_OBJC_ISA_USAGE = YES_ERROR;
				CLANG_WARN_DOCUMENTATION_COMMENTS = YES;
				CLANG_WARN_EMPTY_BODY = YES;
				CLANG_WARN_ENUM_CONVERSION = YES;
				CLANG_WARN_INFINITE_RECURSION = YES;
				CLANG_WARN_INT_CONVERSION = YES;
				CLANG_WARN_OBJC_ROOT_CLASS = YES_ERROR;
				CLANG_WARN_SUSPICIOUS_MOVES = YES;
				CLANG_WARN_UNREACHABLE_CODE = YES;
				CLANG_WARN__DUPLICATE_METHOD_MATCH = YES;
				"CODE_SIGN_IDENTITY[sdk=iphoneos*]" = "iPhone Developer";
				COPY_PHASE_STRIP = NO;
				DEBUG_INFORMATION_FORMAT = "dwarf-with-dsym";
				ENABLE_NS_ASSERTIONS = NO;
				ENABLE_STRICT_OBJC_MSGSEND = YES;
				GCC_C_LANGUAGE_STANDARD = gnu99;
				GCC_NO_COMMON_BLOCKS = YES;
				GCC_WARN_64_TO_32_BIT_CONVERSION = YES;
				GCC_WARN_ABOUT_RETURN_TYPE = YES_ERROR;
				GCC_WARN_UNDECLARED_SELECTOR = YES;
				GCC_WARN_UNINITIALIZED_AUTOS = YES_AGGRESSIVE;
				GCC_WARN_UNUSED_FUNCTION = YES;
				GCC_WARN_UNUSED_VARIABLE = YES;
				IPHONEOS_DEPLOYMENT_TARGET = 10.1;
				MTL_ENABLE_DEBUG_INFO = NO;
				SDKROOT = iphoneos;
				SWIFT_OPTIMIZATION_LEVEL = "-Owholemodule";
				TARGETED_DEVICE_FAMILY = "1,2";
				VALIDATE_PRODUCT = YES;
			};
			name = Release;
		};
		EA1116861DCA51C800214732 /* Debug */ = {
			isa = XCBuildConfiguration;
			buildSettings = {
				ASSETCATALOG_COMPILER_APPICON_NAME = AppIcon;
				INFOPLIST_FILE = IOSKalkulator/Info.plist;
				LD_RUNPATH_SEARCH_PATHS = "$(inherited) @executable_path/Frameworks";
				PRODUCT_BUNDLE_IDENTIFIER = com.hororc.IOSKalkulator;
				PRODUCT_NAME = "$(TARGET_NAME)";
				SWIFT_VERSION = 3.0;
			};
			name = Debug;
		};
		EA1116871DCA51C800214732 /* Release */ = {
			isa = XCBuildConfiguration;
			buildSettings = {
				ASSETCATALOG_COMPILER_APPICON_NAME = AppIcon;
				INFOPLIST_FILE = IOSKalkulator/Info.plist;
				LD_RUNPATH_SEARCH_PATHS = "$(inherited) @executable_path/Frameworks";
				PRODUCT_BUNDLE_IDENTIFIER = com.hororc.IOSKalkulator;
				PRODUCT_NAME = "$(TARGET_NAME)";
				SWIFT_VERSION = 3.0;
			};
			name = Release;
		};
/* End XCBuildConfiguration section */

/* Begin XCConfigurationList section */
		EA11166E1DCA51C700214732 /* Build configuration list for PBXProject "IOSKalkulator" */ = {
			isa = XCConfigurationList;
			buildConfigurations = (
				EA1116831DCA51C800214732 /* Debug */,
				EA1116841DCA51C800214732 /* Release */,
			);
			defaultConfigurationIsVisible = 0;
			defaultConfigurationName = Release;
		};
		EA1116851DCA51C800214732 /* Build configuration list for PBXNativeTarget "IOSKalkulator" */ = {
			isa = XCConfigurationList;
			buildConfigurations = (
				EA1116861DCA51C800214732 /* Debug */,
				EA1116871DCA51C800214732 /* Release */,
			);
			defaultConfigurationIsVisible = 0;
			defaultConfigurationName = Release;
		};
/* End XCConfigurationList section */
	};
	rootObject = EA11166B1DCA51C700214732 /* Project object */;
}
